{
    "name": "front-end",
    "version": "1.0.0",
    "lockfileVersion": 1,
    "requires": true,
    "dependencies": {
        "systemjs": {
            "version": "https://registry.npmjs.org/systemjs/-/systemjs-0.20.2.tgz",
            "integrity": "sha1-njUWVkidUxGztJjTRE1NiA4pyD8="
        },
        "systemjs-plugin-babel": {
            "version": "https://registry.npmjs.org/systemjs-plugin-babel/-/systemjs-plugin-babel-0.0.19.tgz",
            "integrity": "sha1-4XjB/4m5Oa85m4RArAAmOAf/3Yg="
        }
    }
}
